
Microsoft Visual Studio Solution File, Format Version 11.00
# Visual Studio 2010
Project("{FAE04EC0-301F-11D3-BF4B-00C04F79EFBC}") = "Assembly-CSharp", "Assembly-CSharp.csproj", "{78fdcf5f-b4b9-4677-5732-13ff6c936285}"
EndProject
Project("{FAE04EC0-301F-11D3-BF4B-00C04F79EFBC}") = "Assembly-CSharp-firstpass", "Assembly-CSharp-firstpass.csproj", "{337fc7bf-00a5-5f28-ed84-41232ef65c62}"
EndProject
Project("{FAE04EC0-301F-11D3-BF4B-00C04F79EFBC}") = "AdjustPivot.Editor", "AdjustPivot.Editor.csproj", "{6a522548-f89f-1ecf-9b4e-df75199cb1c8}"
EndProject
Global
	GlobalSection(SolutionConfigurationPlatforms) = preSolution
		Debug|Any CPU = Debug|Any CPU
	EndGlobalSection
	GlobalSection(ProjectConfigurationPlatforms) = postSolution
		{78fdcf5f-b4b9-4677-5732-13ff6c936285}.Debug|Any CPU.ActiveCfg = Debug|Any CPU
		{78fdcf5f-b4b9-4677-5732-13ff6c936285}.Debug|Any CPU.Build.0 = Debug|Any CPU
		{337fc7bf-00a5-5f28-ed84-41232ef65c62}.Debug|Any CPU.ActiveCfg = Debug|Any CPU
		{337fc7bf-00a5-5f28-ed84-41232ef65c62}.Debug|Any CPU.Build.0 = Debug|Any CPU
		{6a522548-f89f-1ecf-9b4e-df75199cb1c8}.Debug|Any CPU.ActiveCfg = Debug|Any CPU
		{6a522548-f89f-1ecf-9b4e-df75199cb1c8}.Debug|Any CPU.Build.0 = Debug|Any CPU
	EndGlobalSection
	GlobalSection(SolutionProperties) = preSolution
		HideSolutionNode = FALSE
	EndGlobalSection
EndGlobal
